
Microsoft Visual Studio Solution File, Format Version 12.00
# Visual Studio Version 17
VisualStudioVersion = 17.2.32526.322
MinimumVisualStudioVersion = 10.0.40219.1
Project("{FAE04EC0-301F-11D3-BF4B-00C04F79EFBC}") = "WebApplicationWithGUI", "WebApplicationWithGUI\WebApplicationWithGUI.csproj", "{2208EE05-35EE-437F-8A4D-43C6E9BEA226}"
EndProject
Global
	GlobalSection(SolutionConfigurationPlatforms) = preSolution
		Debug|Any CPU = Debug|Any CPU
		Release|Any CPU = Release|Any CPU
	EndGlobalSection
	GlobalSection(ProjectConfigurationPlatforms) = postSolution
		{2208EE05-35EE-437F-8A4D-43C6E9BEA226}.Debug|Any CPU.ActiveCfg = Debug|Any CPU
		{2208EE05-35EE-437F-8A4D-43C6E9BEA226}.Debug|Any CPU.Build.0 = Debug|Any CPU
		{2208EE05-35EE-437F-8A4D-43C6E9BEA226}.Release|Any CPU.ActiveCfg = Release|Any CPU
		{2208EE05-35EE-437F-8A4D-43C6E9BEA226}.Release|Any CPU.Build.0 = Release|Any CPU
	EndGlobalSection
	GlobalSection(SolutionProperties) = preSolution
		HideSolutionNode = FALSE
	EndGlobalSection
	GlobalSection(ExtensibilityGlobals) = postSolution
		SolutionGuid = {43D545AF-8E81-4FA7-AAF7-28374708A2EE}
	EndGlobalSection
EndGlobal
